
Microsoft Visual Studio Solution File, Format Version 12.00
Project("{FAE04EC0-301F-11D3-BF4B-00C04F79EFBC}") = "FluentCMS", "server\FluentCMS\FluentCMS.csproj", "{D96BB1DD-4E2B-4DFB-B8A0-73854275AB5A}"
EndProject
Project("{FAE04EC0-301F-11D3-BF4B-00C04F79EFBC}") = "FluentCMS.Blog.Tests", "server\FluentCMS.Blog.Tests\FluentCMS.Blog.Tests.csproj", "{AB78C514-3519-41D1-9234-9E9151B1A548}"
EndProject
Project("{FAE04EC0-301F-11D3-BF4B-00C04F79EFBC}") = "FluentCMS.App", "server\FluentCMS.App\FluentCMS.App.csproj", "{026D0D09-ED38-4244-9417-FF74562C0A9B}"
EndProject
Project("{FAE04EC0-301F-11D3-BF4B-00C04F79EFBC}") = "WebApiExamples", "examples\WebApiExamples\WebApiExamples.csproj", "{23F6E543-242A-4738-A450-C1798E295FF4}"
EndProject
Project("{FAE04EC0-301F-11D3-BF4B-00C04F79EFBC}") = "FluentCMS.Blog.ServiceDefaults", "server\FluentCMS.Blog.ServiceDefaults\FluentCMS.Blog.ServiceDefaults.csproj", "{2D4A4323-F357-4ADD-A5A8-46563CE77B8C}"
EndProject
Project("{FAE04EC0-301F-11D3-BF4B-00C04F79EFBC}") = "FluentCMS.Blog.AppHost", "server\FluentCMS.Blog.AppHost\FluentCMS.Blog.AppHost.csproj", "{665FF906-EDA4-43A9-91E5-E9C43C36441B}"
EndProject
Project("{FAE04EC0-301F-11D3-BF4B-00C04F79EFBC}") = "FluentCMS.Blog", "server\FluentCMS.Blog\FluentCMS.Blog.csproj", "{FBBAEDB6-802D-453A-A1E4-22C2095F8068}"
EndProject
Project("{FAE04EC0-301F-11D3-BF4B-00C04F79EFBC}") = "FluentCMS.Blog.DistributeTest", "server\FluentCMS.Blog.DistributeTest\FluentCMS.Blog.DistributeTest.csproj", "{40C9B759-4740-4C44-84D1-C3971519DF7E}"
EndProject
Project("{FAE04EC0-301F-11D3-BF4B-00C04F79EFBC}") = "FluentCMS.App.ServiceDefaults", "server\FluentCMS.App.ServiceDefaults\FluentCMS.App.ServiceDefaults.csproj", "{A6B3EC23-06E9-422F-BD43-20A098102D25}"
EndProject
Project("{FAE04EC0-301F-11D3-BF4B-00C04F79EFBC}") = "FluentCMS.App.AppHost", "server\FluentCMS.App.AppHost\FluentCMS.App.AppHost.csproj", "{D19697EB-85DB-47CE-AEB2-0A5B1D3A6D1D}"
EndProject
Project("{FAE04EC0-301F-11D3-BF4B-00C04F79EFBC}") = "FluentCMS.App.Tests", "server\FluentCMS.App.Tests\FluentCMS.App.Tests.csproj", "{9BD38EDA-5C4E-4C6D-96CA-C8955DB35C57}"
EndProject
Global
	GlobalSection(SolutionConfigurationPlatforms) = preSolution
		Debug|Any CPU = Debug|Any CPU
		Release|Any CPU = Release|Any CPU
	EndGlobalSection
	GlobalSection(ProjectConfigurationPlatforms) = postSolution
		{D96BB1DD-4E2B-4DFB-B8A0-73854275AB5A}.Debug|Any CPU.ActiveCfg = Debug|Any CPU
		{D96BB1DD-4E2B-4DFB-B8A0-73854275AB5A}.Debug|Any CPU.Build.0 = Debug|Any CPU
		{D96BB1DD-4E2B-4DFB-B8A0-73854275AB5A}.Release|Any CPU.ActiveCfg = Release|Any CPU
		{D96BB1DD-4E2B-4DFB-B8A0-73854275AB5A}.Release|Any CPU.Build.0 = Release|Any CPU
		{6EDECA16-B67A-4EAA-A296-F21FBDC7561E}.Debug|Any CPU.ActiveCfg = Debug|Any CPU
		{6EDECA16-B67A-4EAA-A296-F21FBDC7561E}.Debug|Any CPU.Build.0 = Debug|Any CPU
		{6EDECA16-B67A-4EAA-A296-F21FBDC7561E}.Release|Any CPU.ActiveCfg = Release|Any CPU
		{6EDECA16-B67A-4EAA-A296-F21FBDC7561E}.Release|Any CPU.Build.0 = Release|Any CPU
		{38458E78-BC9D-46EE-8532-A04E8BDB3DF4}.Debug|Any CPU.ActiveCfg = Debug|Any CPU
		{38458E78-BC9D-46EE-8532-A04E8BDB3DF4}.Debug|Any CPU.Build.0 = Debug|Any CPU
		{38458E78-BC9D-46EE-8532-A04E8BDB3DF4}.Release|Any CPU.ActiveCfg = Release|Any CPU
		{38458E78-BC9D-46EE-8532-A04E8BDB3DF4}.Release|Any CPU.Build.0 = Release|Any CPU
		{AB78C514-3519-41D1-9234-9E9151B1A548}.Debug|Any CPU.ActiveCfg = Debug|Any CPU
		{AB78C514-3519-41D1-9234-9E9151B1A548}.Debug|Any CPU.Build.0 = Debug|Any CPU
		{AB78C514-3519-41D1-9234-9E9151B1A548}.Release|Any CPU.ActiveCfg = Release|Any CPU
		{AB78C514-3519-41D1-9234-9E9151B1A548}.Release|Any CPU.Build.0 = Release|Any CPU
		{026D0D09-ED38-4244-9417-FF74562C0A9B}.Debug|Any CPU.ActiveCfg = Debug|Any CPU
		{026D0D09-ED38-4244-9417-FF74562C0A9B}.Debug|Any CPU.Build.0 = Debug|Any CPU
		{026D0D09-ED38-4244-9417-FF74562C0A9B}.Release|Any CPU.ActiveCfg = Release|Any CPU
		{026D0D09-ED38-4244-9417-FF74562C0A9B}.Release|Any CPU.Build.0 = Release|Any CPU
		{23F6E543-242A-4738-A450-C1798E295FF4}.Debug|Any CPU.ActiveCfg = Debug|Any CPU
		{23F6E543-242A-4738-A450-C1798E295FF4}.Debug|Any CPU.Build.0 = Debug|Any CPU
		{23F6E543-242A-4738-A450-C1798E295FF4}.Release|Any CPU.ActiveCfg = Release|Any CPU
		{23F6E543-242A-4738-A450-C1798E295FF4}.Release|Any CPU.Build.0 = Release|Any CPU
		{2046DC4C-DDD1-4DB9-882D-89390D85A669}.Debug|Any CPU.ActiveCfg = Debug|Any CPU
		{2046DC4C-DDD1-4DB9-882D-89390D85A669}.Debug|Any CPU.Build.0 = Debug|Any CPU
		{2046DC4C-DDD1-4DB9-882D-89390D85A669}.Release|Any CPU.ActiveCfg = Release|Any CPU
		{2046DC4C-DDD1-4DB9-882D-89390D85A669}.Release|Any CPU.Build.0 = Release|Any CPU
		{2D4A4323-F357-4ADD-A5A8-46563CE77B8C}.Debug|Any CPU.ActiveCfg = Debug|Any CPU
		{2D4A4323-F357-4ADD-A5A8-46563CE77B8C}.Debug|Any CPU.Build.0 = Debug|Any CPU
		{2D4A4323-F357-4ADD-A5A8-46563CE77B8C}.Release|Any CPU.ActiveCfg = Release|Any CPU
		{2D4A4323-F357-4ADD-A5A8-46563CE77B8C}.Release|Any CPU.Build.0 = Release|Any CPU
		{665FF906-EDA4-43A9-91E5-E9C43C36441B}.Debug|Any CPU.ActiveCfg = Debug|Any CPU
		{665FF906-EDA4-43A9-91E5-E9C43C36441B}.Debug|Any CPU.Build.0 = Debug|Any CPU
		{665FF906-EDA4-43A9-91E5-E9C43C36441B}.Release|Any CPU.ActiveCfg = Release|Any CPU
		{665FF906-EDA4-43A9-91E5-E9C43C36441B}.Release|Any CPU.Build.0 = Release|Any CPU
		{FBBAEDB6-802D-453A-A1E4-22C2095F8068}.Debug|Any CPU.ActiveCfg = Debug|Any CPU
		{FBBAEDB6-802D-453A-A1E4-22C2095F8068}.Debug|Any CPU.Build.0 = Debug|Any CPU
		{FBBAEDB6-802D-453A-A1E4-22C2095F8068}.Release|Any CPU.ActiveCfg = Release|Any CPU
		{FBBAEDB6-802D-453A-A1E4-22C2095F8068}.Release|Any CPU.Build.0 = Release|Any CPU
		{40C9B759-4740-4C44-84D1-C3971519DF7E}.Debug|Any CPU.ActiveCfg = Debug|Any CPU
		{40C9B759-4740-4C44-84D1-C3971519DF7E}.Debug|Any CPU.Build.0 = Debug|Any CPU
		{40C9B759-4740-4C44-84D1-C3971519DF7E}.Release|Any CPU.ActiveCfg = Release|Any CPU
		{40C9B759-4740-4C44-84D1-C3971519DF7E}.Release|Any CPU.Build.0 = Release|Any CPU
		{A6B3EC23-06E9-422F-BD43-20A098102D25}.Debug|Any CPU.ActiveCfg = Debug|Any CPU
		{A6B3EC23-06E9-422F-BD43-20A098102D25}.Debug|Any CPU.Build.0 = Debug|Any CPU
		{A6B3EC23-06E9-422F-BD43-20A098102D25}.Release|Any CPU.ActiveCfg = Release|Any CPU
		{A6B3EC23-06E9-422F-BD43-20A098102D25}.Release|Any CPU.Build.0 = Release|Any CPU
		{D19697EB-85DB-47CE-AEB2-0A5B1D3A6D1D}.Debug|Any CPU.ActiveCfg = Debug|Any CPU
		{D19697EB-85DB-47CE-AEB2-0A5B1D3A6D1D}.Debug|Any CPU.Build.0 = Debug|Any CPU
		{D19697EB-85DB-47CE-AEB2-0A5B1D3A6D1D}.Release|Any CPU.ActiveCfg = Release|Any CPU
		{D19697EB-85DB-47CE-AEB2-0A5B1D3A6D1D}.Release|Any CPU.Build.0 = Release|Any CPU
		{9BD38EDA-5C4E-4C6D-96CA-C8955DB35C57}.Debug|Any CPU.ActiveCfg = Debug|Any CPU
		{9BD38EDA-5C4E-4C6D-96CA-C8955DB35C57}.Debug|Any CPU.Build.0 = Debug|Any CPU
		{9BD38EDA-5C4E-4C6D-96CA-C8955DB35C57}.Release|Any CPU.ActiveCfg = Release|Any CPU
		{9BD38EDA-5C4E-4C6D-96CA-C8955DB35C57}.Release|Any CPU.Build.0 = Release|Any CPU
	EndGlobalSection
	GlobalSection(NestedProjects) = preSolution
		{997F3305-20F9-4C50-A724-BAE2972857C9} = {10BF50D7-F514-4193-8ADE-59A23EB194BE}
	EndGlobalSection
EndGlobal
