
Microsoft Visual Studio Solution File, Format Version 12.00
Project("{FAE04EC0-301F-11D3-BF4B-00C04F79EFBC}") = "WebApiExamples", "WebApiExamples.csproj", "{C0105F84-14B4-42BC-8F5A-7C1DF6EE14BF}"
EndProject
Global
	GlobalSection(SolutionConfigurationPlatforms) = preSolution
		Debug|Any CPU = Debug|Any CPU
		Release|Any CPU = Release|Any CPU
	EndGlobalSection
	GlobalSection(ProjectConfigurationPlatforms) = postSolution
		{C0105F84-14B4-42BC-8F5A-7C1DF6EE14BF}.Debug|Any CPU.ActiveCfg = Debug|Any CPU
		{C0105F84-14B4-42BC-8F5A-7C1DF6EE14BF}.Debug|Any CPU.Build.0 = Debug|Any CPU
		{C0105F84-14B4-42BC-8F5A-7C1DF6EE14BF}.Release|Any CPU.ActiveCfg = Release|Any CPU
		{C0105F84-14B4-42BC-8F5A-7C1DF6EE14BF}.Release|Any CPU.Build.0 = Release|Any CPU
	EndGlobalSection
EndGlobal
