
Microsoft Visual Studio Solution File, Format Version 12.00
Project("{2150E333-8FDC-42A3-9474-1A3956D46DE8}") = "Solution Items", "Solution Items", "{10BF50D7-F514-4193-8ADE-59A23EB194BE}"
EndProject
Project("{FAE04EC0-301F-11D3-BF4B-00C04F79EFBC}") = "FluentCMS", "FluentCMS\FluentCMS.csproj", "{D96BB1DD-4E2B-4DFB-B8A0-73854275AB5A}"
EndProject
Project("{2150E333-8FDC-42A3-9474-1A3956D46DE8}") = "scripts", "scripts", "{997F3305-20F9-4C50-A724-BAE2972857C9}"
EndProject
Project("{FAE04EC0-301F-11D3-BF4B-00C04F79EFBC}") = "FluentCMS.Utils", "FluentCMS.Utils\FluentCMS.Utils.csproj", "{4212D6A9-3046-4FB2-9DD7-BB065272B105}"
EndProject
Project("{FAE04EC0-301F-11D3-BF4B-00C04F79EFBC}") = "FluentCMS.Utils.Tests", "FluentCMS.Utils.Tests\FluentCMS.Utils.Tests.csproj", "{6EDECA16-B67A-4EAA-A296-F21FBDC7561E}"
EndProject
Project("{FAE04EC0-301F-11D3-BF4B-00C04F79EFBC}") = "BlogEfExample", "BlogEfExample\BlogEfExample.csproj", "{38458E78-BC9D-46EE-8532-A04E8BDB3DF4}"
EndProject
Project("{FAE04EC0-301F-11D3-BF4B-00C04F79EFBC}") = "FluentCMS.Tests", "FluentCMS.Tests\FluentCMS.Tests.csproj", "{6716711C-BCA9-4ECD-A0F7-0F6B1F25B14C}"
EndProject
Project("{FAE04EC0-301F-11D3-BF4B-00C04F79EFBC}") = "FluentCMS.IntegrationTests", "FluentCMS.IntegrationTests\FluentCMS.IntegrationTests.csproj", "{AB78C514-3519-41D1-9234-9E9151B1A548}"
EndProject
Project("{FAE04EC0-301F-11D3-BF4B-00C04F79EFBC}") = "FluentCMS.App", "FluentCMS.App\FluentCMS.App.csproj", "{026D0D09-ED38-4244-9417-FF74562C0A9B}"
EndProject
Project("{FAE04EC0-301F-11D3-BF4B-00C04F79EFBC}") = "FluentCMS.App.Tests", "FluentCMS.App.Tests\FluentCMS.App.Tests.csproj", "{E7EAD0DD-856C-4530-9F62-4B3EFEB15F01}"
EndProject
Global
	GlobalSection(SolutionConfigurationPlatforms) = preSolution
		Debug|Any CPU = Debug|Any CPU
		Release|Any CPU = Release|Any CPU
	EndGlobalSection
	GlobalSection(ProjectConfigurationPlatforms) = postSolution
		{D96BB1DD-4E2B-4DFB-B8A0-73854275AB5A}.Debug|Any CPU.ActiveCfg = Debug|Any CPU
		{D96BB1DD-4E2B-4DFB-B8A0-73854275AB5A}.Debug|Any CPU.Build.0 = Debug|Any CPU
		{D96BB1DD-4E2B-4DFB-B8A0-73854275AB5A}.Release|Any CPU.ActiveCfg = Release|Any CPU
		{D96BB1DD-4E2B-4DFB-B8A0-73854275AB5A}.Release|Any CPU.Build.0 = Release|Any CPU
		{4212D6A9-3046-4FB2-9DD7-BB065272B105}.Debug|Any CPU.ActiveCfg = Debug|Any CPU
		{4212D6A9-3046-4FB2-9DD7-BB065272B105}.Debug|Any CPU.Build.0 = Debug|Any CPU
		{4212D6A9-3046-4FB2-9DD7-BB065272B105}.Release|Any CPU.ActiveCfg = Release|Any CPU
		{4212D6A9-3046-4FB2-9DD7-BB065272B105}.Release|Any CPU.Build.0 = Release|Any CPU
		{6EDECA16-B67A-4EAA-A296-F21FBDC7561E}.Debug|Any CPU.ActiveCfg = Debug|Any CPU
		{6EDECA16-B67A-4EAA-A296-F21FBDC7561E}.Debug|Any CPU.Build.0 = Debug|Any CPU
		{6EDECA16-B67A-4EAA-A296-F21FBDC7561E}.Release|Any CPU.ActiveCfg = Release|Any CPU
		{6EDECA16-B67A-4EAA-A296-F21FBDC7561E}.Release|Any CPU.Build.0 = Release|Any CPU
		{38458E78-BC9D-46EE-8532-A04E8BDB3DF4}.Debug|Any CPU.ActiveCfg = Debug|Any CPU
		{38458E78-BC9D-46EE-8532-A04E8BDB3DF4}.Debug|Any CPU.Build.0 = Debug|Any CPU
		{38458E78-BC9D-46EE-8532-A04E8BDB3DF4}.Release|Any CPU.ActiveCfg = Release|Any CPU
		{38458E78-BC9D-46EE-8532-A04E8BDB3DF4}.Release|Any CPU.Build.0 = Release|Any CPU
		{6716711C-BCA9-4ECD-A0F7-0F6B1F25B14C}.Debug|Any CPU.ActiveCfg = Debug|Any CPU
		{6716711C-BCA9-4ECD-A0F7-0F6B1F25B14C}.Debug|Any CPU.Build.0 = Debug|Any CPU
		{6716711C-BCA9-4ECD-A0F7-0F6B1F25B14C}.Release|Any CPU.ActiveCfg = Release|Any CPU
		{6716711C-BCA9-4ECD-A0F7-0F6B1F25B14C}.Release|Any CPU.Build.0 = Release|Any CPU
		{AB78C514-3519-41D1-9234-9E9151B1A548}.Debug|Any CPU.ActiveCfg = Debug|Any CPU
		{AB78C514-3519-41D1-9234-9E9151B1A548}.Debug|Any CPU.Build.0 = Debug|Any CPU
		{AB78C514-3519-41D1-9234-9E9151B1A548}.Release|Any CPU.ActiveCfg = Release|Any CPU
		{AB78C514-3519-41D1-9234-9E9151B1A548}.Release|Any CPU.Build.0 = Release|Any CPU
		{026D0D09-ED38-4244-9417-FF74562C0A9B}.Debug|Any CPU.ActiveCfg = Debug|Any CPU
		{026D0D09-ED38-4244-9417-FF74562C0A9B}.Debug|Any CPU.Build.0 = Debug|Any CPU
		{026D0D09-ED38-4244-9417-FF74562C0A9B}.Release|Any CPU.ActiveCfg = Release|Any CPU
		{026D0D09-ED38-4244-9417-FF74562C0A9B}.Release|Any CPU.Build.0 = Release|Any CPU
		{E7EAD0DD-856C-4530-9F62-4B3EFEB15F01}.Debug|Any CPU.ActiveCfg = Debug|Any CPU
		{E7EAD0DD-856C-4530-9F62-4B3EFEB15F01}.Debug|Any CPU.Build.0 = Debug|Any CPU
		{E7EAD0DD-856C-4530-9F62-4B3EFEB15F01}.Release|Any CPU.ActiveCfg = Release|Any CPU
		{E7EAD0DD-856C-4530-9F62-4B3EFEB15F01}.Release|Any CPU.Build.0 = Release|Any CPU
	EndGlobalSection
	GlobalSection(NestedProjects) = preSolution
		{997F3305-20F9-4C50-A724-BAE2972857C9} = {10BF50D7-F514-4193-8ADE-59A23EB194BE}
	EndGlobalSection
EndGlobal
