
Microsoft Visual Studio Solution File, Format Version 12.00
Project("{2150E333-8FDC-42A3-9474-1A3956D46DE8}") = "Solution Items", "Solution Items", "{10BF50D7-F514-4193-8ADE-59A23EB194BE}"
EndProject
Project("{FAE04EC0-301F-11D3-BF4B-00C04F79EFBC}") = "FluentCMS", "FluentCMS\FluentCMS.csproj", "{D96BB1DD-4E2B-4DFB-B8A0-73854275AB5A}"
EndProject
Project("{2150E333-8FDC-42A3-9474-1A3956D46DE8}") = "scripts", "scripts", "{997F3305-20F9-4C50-A724-BAE2972857C9}"
EndProject
Project("{FAE04EC0-301F-11D3-BF4B-00C04F79EFBC}") = "Utils", "Utils\Utils.csproj", "{4212D6A9-3046-4FB2-9DD7-BB065272B105}"
EndProject
Project("{FAE04EC0-301F-11D3-BF4B-00C04F79EFBC}") = "Utils.Tests", "Utils.Tests\Utils.Tests.csproj", "{6EDECA16-B67A-4EAA-A296-F21FBDC7561E}"
EndProject
Project("{FAE04EC0-301F-11D3-BF4B-00C04F79EFBC}") = "FluentCMS.Tests", "FluentCMS.Tests\FluentCMS.Tests.csproj", "{B5742F36-D9B1-4BB7-85F6-001A4225B9E3}"
EndProject
Global
	GlobalSection(SolutionConfigurationPlatforms) = preSolution
		Debug|Any CPU = Debug|Any CPU
		Release|Any CPU = Release|Any CPU
	EndGlobalSection
	GlobalSection(ProjectConfigurationPlatforms) = postSolution
		{D96BB1DD-4E2B-4DFB-B8A0-73854275AB5A}.Debug|Any CPU.ActiveCfg = Debug|Any CPU
		{D96BB1DD-4E2B-4DFB-B8A0-73854275AB5A}.Debug|Any CPU.Build.0 = Debug|Any CPU
		{D96BB1DD-4E2B-4DFB-B8A0-73854275AB5A}.Release|Any CPU.ActiveCfg = Release|Any CPU
		{D96BB1DD-4E2B-4DFB-B8A0-73854275AB5A}.Release|Any CPU.Build.0 = Release|Any CPU
		{4212D6A9-3046-4FB2-9DD7-BB065272B105}.Debug|Any CPU.ActiveCfg = Debug|Any CPU
		{4212D6A9-3046-4FB2-9DD7-BB065272B105}.Debug|Any CPU.Build.0 = Debug|Any CPU
		{4212D6A9-3046-4FB2-9DD7-BB065272B105}.Release|Any CPU.ActiveCfg = Release|Any CPU
		{4212D6A9-3046-4FB2-9DD7-BB065272B105}.Release|Any CPU.Build.0 = Release|Any CPU
		{6EDECA16-B67A-4EAA-A296-F21FBDC7561E}.Debug|Any CPU.ActiveCfg = Debug|Any CPU
		{6EDECA16-B67A-4EAA-A296-F21FBDC7561E}.Debug|Any CPU.Build.0 = Debug|Any CPU
		{6EDECA16-B67A-4EAA-A296-F21FBDC7561E}.Release|Any CPU.ActiveCfg = Release|Any CPU
		{6EDECA16-B67A-4EAA-A296-F21FBDC7561E}.Release|Any CPU.Build.0 = Release|Any CPU
		{B5742F36-D9B1-4BB7-85F6-001A4225B9E3}.Debug|Any CPU.ActiveCfg = Debug|Any CPU
		{B5742F36-D9B1-4BB7-85F6-001A4225B9E3}.Debug|Any CPU.Build.0 = Debug|Any CPU
		{B5742F36-D9B1-4BB7-85F6-001A4225B9E3}.Release|Any CPU.ActiveCfg = Release|Any CPU
		{B5742F36-D9B1-4BB7-85F6-001A4225B9E3}.Release|Any CPU.Build.0 = Release|Any CPU
	EndGlobalSection
	GlobalSection(NestedProjects) = preSolution
		{997F3305-20F9-4C50-A724-BAE2972857C9} = {10BF50D7-F514-4193-8ADE-59A23EB194BE}
	EndGlobalSection
EndGlobal
